
Microsoft Visual Studio Solution File, Format Version 12.00
# Visual Studio 15
VisualStudioVersion = 15.0.28010.2046
MinimumVisualStudioVersion = 10.0.40219.1
Project("{2150E333-8FDC-42A3-9474-1A3956D46DE8}") = "Eagle.Infrastructure", "Eagle.Infrastructure", "{0AEC40BF-FD32-4256-8A28-03BC5890FC8C}"
EndProject
Project("{2150E333-8FDC-42A3-9474-1A3956D46DE8}") = "Eagle.Domains", "Eagle.Domains", "{2464EC77-A795-403E-B097-9DAC3503D869}"
EndProject
Project("{2150E333-8FDC-42A3-9474-1A3956D46DE8}") = "Eagle.Web", "Eagle.Web", "{8307C751-BC6E-4F98-AFA3-CED44D77156B}"
EndProject
Project("{9A19103F-16F7-4668-BE54-9A1E7A4F7556}") = "Eagle.WebApi", "Eagle.Web\Eagle.WebApi\Eagle.WebApi.csproj", "{FDC11B1B-4C06-4DDC-8DD3-D23701C862E8}"
EndProject
Project("{9A19103F-16F7-4668-BE54-9A1E7A4F7556}") = "Util", "Eagle.Infrastructure\Util\Util.csproj", "{5AF1708D-DC5A-463E-9977-F65D673C76F3}"
EndProject
Project("{9A19103F-16F7-4668-BE54-9A1E7A4F7556}") = "Util.Applications", "Eagle.Infrastructure\Util.Applications\Util.Applications.csproj", "{4159E247-131F-4106-A103-EA7334B22DD8}"
EndProject
Project("{9A19103F-16F7-4668-BE54-9A1E7A4F7556}") = "Util.Datas", "Eagle.Infrastructure\Util.Datas\Util.Datas.csproj", "{4033B010-9037-4219-B0ED-1464FF44EE4E}"
EndProject
Project("{9A19103F-16F7-4668-BE54-9A1E7A4F7556}") = "Util.Webs", "Eagle.Infrastructure\Util.Webs\Util.Webs.csproj", "{6FF799B7-532C-4A07-8D30-47F1D7CDF163}"
EndProject
Project("{9A19103F-16F7-4668-BE54-9A1E7A4F7556}") = "Util.Security", "Eagle.Infrastructure\Util.Security\Util.Security.csproj", "{E90341F0-8D27-48C6-8E8F-049C90B7C51D}"
EndProject
Project("{9A19103F-16F7-4668-BE54-9A1E7A4F7556}") = "Util.Logs", "Eagle.Infrastructure\Util.Logs\Util.Logs.csproj", "{3ACACD59-3C74-479D-8CCC-39F401C0044A}"
EndProject
Project("{9A19103F-16F7-4668-BE54-9A1E7A4F7556}") = "Util.Caches", "Eagle.Infrastructure\Util.Caches\Util.Caches.csproj", "{A4D8720B-CE8C-4F3E-A0A1-9E5EF4EBA09A}"
EndProject
Project("{FAE04EC0-301F-11D3-BF4B-00C04F79EFBC}") = "Util.EventBus", "Eagle.Infrastructure\Util.EventBus\Util.EventBus.csproj", "{CBEE3F98-6049-4242-BFD9-A62CECFE4748}"
EndProject
Global
	GlobalSection(SolutionConfigurationPlatforms) = preSolution
		Debug|Any CPU = Debug|Any CPU
		Release|Any CPU = Release|Any CPU
	EndGlobalSection
	GlobalSection(ProjectConfigurationPlatforms) = postSolution
		{FDC11B1B-4C06-4DDC-8DD3-D23701C862E8}.Debug|Any CPU.ActiveCfg = Debug|Any CPU
		{FDC11B1B-4C06-4DDC-8DD3-D23701C862E8}.Debug|Any CPU.Build.0 = Debug|Any CPU
		{FDC11B1B-4C06-4DDC-8DD3-D23701C862E8}.Release|Any CPU.ActiveCfg = Release|Any CPU
		{FDC11B1B-4C06-4DDC-8DD3-D23701C862E8}.Release|Any CPU.Build.0 = Release|Any CPU
		{5AF1708D-DC5A-463E-9977-F65D673C76F3}.Debug|Any CPU.ActiveCfg = Debug|Any CPU
		{5AF1708D-DC5A-463E-9977-F65D673C76F3}.Debug|Any CPU.Build.0 = Debug|Any CPU
		{5AF1708D-DC5A-463E-9977-F65D673C76F3}.Release|Any CPU.ActiveCfg = Release|Any CPU
		{5AF1708D-DC5A-463E-9977-F65D673C76F3}.Release|Any CPU.Build.0 = Release|Any CPU
		{4159E247-131F-4106-A103-EA7334B22DD8}.Debug|Any CPU.ActiveCfg = Debug|Any CPU
		{4159E247-131F-4106-A103-EA7334B22DD8}.Debug|Any CPU.Build.0 = Debug|Any CPU
		{4159E247-131F-4106-A103-EA7334B22DD8}.Release|Any CPU.ActiveCfg = Release|Any CPU
		{4159E247-131F-4106-A103-EA7334B22DD8}.Release|Any CPU.Build.0 = Release|Any CPU
		{4033B010-9037-4219-B0ED-1464FF44EE4E}.Debug|Any CPU.ActiveCfg = Debug|Any CPU
		{4033B010-9037-4219-B0ED-1464FF44EE4E}.Debug|Any CPU.Build.0 = Debug|Any CPU
		{4033B010-9037-4219-B0ED-1464FF44EE4E}.Release|Any CPU.ActiveCfg = Release|Any CPU
		{4033B010-9037-4219-B0ED-1464FF44EE4E}.Release|Any CPU.Build.0 = Release|Any CPU
		{6FF799B7-532C-4A07-8D30-47F1D7CDF163}.Debug|Any CPU.ActiveCfg = Debug|Any CPU
		{6FF799B7-532C-4A07-8D30-47F1D7CDF163}.Debug|Any CPU.Build.0 = Debug|Any CPU
		{6FF799B7-532C-4A07-8D30-47F1D7CDF163}.Release|Any CPU.ActiveCfg = Release|Any CPU
		{6FF799B7-532C-4A07-8D30-47F1D7CDF163}.Release|Any CPU.Build.0 = Release|Any CPU
		{E90341F0-8D27-48C6-8E8F-049C90B7C51D}.Debug|Any CPU.ActiveCfg = Debug|Any CPU
		{E90341F0-8D27-48C6-8E8F-049C90B7C51D}.Debug|Any CPU.Build.0 = Debug|Any CPU
		{E90341F0-8D27-48C6-8E8F-049C90B7C51D}.Release|Any CPU.ActiveCfg = Release|Any CPU
		{E90341F0-8D27-48C6-8E8F-049C90B7C51D}.Release|Any CPU.Build.0 = Release|Any CPU
		{3ACACD59-3C74-479D-8CCC-39F401C0044A}.Debug|Any CPU.ActiveCfg = Debug|Any CPU
		{3ACACD59-3C74-479D-8CCC-39F401C0044A}.Debug|Any CPU.Build.0 = Debug|Any CPU
		{3ACACD59-3C74-479D-8CCC-39F401C0044A}.Release|Any CPU.ActiveCfg = Release|Any CPU
		{3ACACD59-3C74-479D-8CCC-39F401C0044A}.Release|Any CPU.Build.0 = Release|Any CPU
		{A4D8720B-CE8C-4F3E-A0A1-9E5EF4EBA09A}.Debug|Any CPU.ActiveCfg = Debug|Any CPU
		{A4D8720B-CE8C-4F3E-A0A1-9E5EF4EBA09A}.Debug|Any CPU.Build.0 = Debug|Any CPU
		{A4D8720B-CE8C-4F3E-A0A1-9E5EF4EBA09A}.Release|Any CPU.ActiveCfg = Release|Any CPU
		{A4D8720B-CE8C-4F3E-A0A1-9E5EF4EBA09A}.Release|Any CPU.Build.0 = Release|Any CPU
		{CBEE3F98-6049-4242-BFD9-A62CECFE4748}.Debug|Any CPU.ActiveCfg = Debug|Any CPU
		{CBEE3F98-6049-4242-BFD9-A62CECFE4748}.Debug|Any CPU.Build.0 = Debug|Any CPU
		{CBEE3F98-6049-4242-BFD9-A62CECFE4748}.Release|Any CPU.ActiveCfg = Release|Any CPU
		{CBEE3F98-6049-4242-BFD9-A62CECFE4748}.Release|Any CPU.Build.0 = Release|Any CPU
	EndGlobalSection
	GlobalSection(SolutionProperties) = preSolution
		HideSolutionNode = FALSE
	EndGlobalSection
	GlobalSection(NestedProjects) = preSolution
		{FDC11B1B-4C06-4DDC-8DD3-D23701C862E8} = {8307C751-BC6E-4F98-AFA3-CED44D77156B}
		{5AF1708D-DC5A-463E-9977-F65D673C76F3} = {0AEC40BF-FD32-4256-8A28-03BC5890FC8C}
		{4159E247-131F-4106-A103-EA7334B22DD8} = {0AEC40BF-FD32-4256-8A28-03BC5890FC8C}
		{4033B010-9037-4219-B0ED-1464FF44EE4E} = {0AEC40BF-FD32-4256-8A28-03BC5890FC8C}
		{6FF799B7-532C-4A07-8D30-47F1D7CDF163} = {0AEC40BF-FD32-4256-8A28-03BC5890FC8C}
		{E90341F0-8D27-48C6-8E8F-049C90B7C51D} = {0AEC40BF-FD32-4256-8A28-03BC5890FC8C}
		{3ACACD59-3C74-479D-8CCC-39F401C0044A} = {0AEC40BF-FD32-4256-8A28-03BC5890FC8C}
		{A4D8720B-CE8C-4F3E-A0A1-9E5EF4EBA09A} = {0AEC40BF-FD32-4256-8A28-03BC5890FC8C}
		{CBEE3F98-6049-4242-BFD9-A62CECFE4748} = {0AEC40BF-FD32-4256-8A28-03BC5890FC8C}
	EndGlobalSection
	GlobalSection(ExtensibilityGlobals) = postSolution
		SolutionGuid = {BD161489-D968-4424-954D-0A0EC806BED1}
	EndGlobalSection
EndGlobal
